<?xml version="1.0" encoding="utf-8"?>
<Project ToolsVersion="4.0" xmlns="http://schemas.microsoft.com/developer/msbuild/2003">
  <ItemGroup>
    <CudaCompile Include="main.cu" />
    <CudaCompile Include="PointCloud.cu" />
    <CudaCompile Include="VoxelHashMap.cu" />
    <CudaCompile Include="SCVoxelHashMap.cu" />
    <CudaCompile Include="Mesh.cu" />
    <CudaCompile Include="HalfEdgeMesh.cu" />
    <CudaCompile Include="BitVolume.cu" />
    <CudaCompile Include="VEFM.cu" />
    <CudaCompile Include="ThrustHalfEdgeMesh.cu" />
    <CudaCompile Include="Octree.cu" />
    <CudaCompile Include="MortonCode.cu" />
    <CudaCompile Include="LBVH.cu" />
  </ItemGroup>
  <ItemGroup>
    <ClCompile Include="..\..\External\glad\src\glad.c" />
    <ClCompile Include="main.cpp" />
    <ClCompile Include="HalfEdgeMeshInterop.cpp" />
  </ItemGroup>
  <ItemGroup>
    <ClInclude Include="main.cuh" />
    <ClInclude Include="DenseGrid.hpp" />
    <ClInclude Include="VoxelHashMap.cuh" />
    <ClInclude Include="marching_cubes_constants.cuh" />
    <ClInclude Include="cuda_vector_math.cuh" />
    <ClInclude Include="cuda_common.cuh" />
    <ClInclude Include="Octree.cuh" />
    <ClInclude Include="PointCloud.cuh" />
    <ClInclude Include="SCVoxelHashMap.cuh" />
    <ClInclude Include="Mesh.cuh" />
    <ClInclude Include="HalfEdgeMesh.cuh" />
    <ClInclude Include="BitVolume.cuh" />
    <ClInclude Include="VEFM.cuh" />
    <ClInclude Include="HalfEdgeMeshInterop.h" />
    <ClInclude Include="ThrustHalfEdgeMesh.cuh" />
    <ClInclude Include="KdTree.hpp" />
    <ClInclude Include="VoxelKey.hpp" />
    <ClInclude Include="MortonCode.cuh" />
    <ClInclude Include="LBVH.cuh" />
  </ItemGroup>
  <ItemGroup>
    <None Include="HashMap.hpp" />
    <None Include="..\..\res\Shaders\Default.fs">
      <Filter>res\Shaders</Filter>
    </None>
    <None Include="..\..\res\Shaders\Default.vs">
      <Filter>res\Shaders</Filter>
    </None>
    <None Include="..\..\res\Shaders\Flat.fs">
      <Filter>res\Shaders</Filter>
    </None>
    <None Include="..\..\res\Shaders\Flat.gs">
      <Filter>res\Shaders</Filter>
    </None>
    <None Include="..\..\res\Shaders\Flat.vs">
      <Filter>res\Shaders</Filter>
    </None>
    <None Include="..\..\res\Shaders\Instancing.fs">
      <Filter>res\Shaders</Filter>
    </None>
    <None Include="..\..\res\Shaders\Instancing.vs">
      <Filter>res\Shaders</Filter>
    </None>
    <None Include="..\..\res\Shaders\InstancingWithoutLighting.fs">
      <Filter>res\Shaders</Filter>
    </None>
    <None Include="..\..\res\Shaders\InstancingWithoutLighting.vs">
      <Filter>res\Shaders</Filter>
    </None>
    <None Include="..\..\res\Shaders\InstancingWithoutNormal.fs">
      <Filter>res\Shaders</Filter>
    </None>
    <None Include="..\..\res\Shaders\InstancingWithoutNormal.vs">
      <Filter>res\Shaders</Filter>
    </None>
    <None Include="..\..\res\Shaders\Line.fs">
      <Filter>res\Shaders</Filter>
    </None>
    <None Include="..\..\res\Shaders\Line.vs">
      <Filter>res\Shaders</Filter>
    </None>
    <None Include="..\..\res\Shaders\Texturing.fs">
      <Filter>res\Shaders</Filter>
    </None>
    <None Include="..\..\res\Shaders\Texturing.vs">
      <Filter>res\Shaders</Filter>
    </None>
    <None Include="..\..\res\Shaders\TwoSide.fs">
      <Filter>res\Shaders</Filter>
    </None>
    <None Include="..\..\res\Shaders\TwoSide.vs">
      <Filter>res\Shaders</Filter>
    </None>
  </ItemGroup>
  <ItemGroup>
    <Filter Include="res">
      <UniqueIdentifier>{0b076251-59fb-49c8-a808-218fa0f79fb1}</UniqueIdentifier>
    </Filter>
    <Filter Include="res\Shaders">
      <UniqueIdentifier>{44ea84d0-ce60-4c0b-8d27-c172a1ef2e6d}</UniqueIdentifier>
    </Filter>
  </ItemGroup>
</Project>